{
  "name": "with-react",
  "version": "0.1.0",
  "lockfileVersion": 1,
  "requires": true,
  "dependencies": {
    "apollo-local-query": {
      "version": "0.3.0",
      "resolved": "https://registry.npmjs.org/apollo-local-query/-/apollo-local-query-0.3.0.tgz",
      "integrity": "sha1-j0viEKah0HyvYWYqVVxsOOKsKFg=",
      "requires": {
        "debug": "2.3.3"
      }
    },
    "debug": {
      "version": "2.3.3",
      "resolved": "https://registry.npmjs.org/debug/-/debug-2.3.3.tgz",
      "integrity": "sha1-QMRT5n5uE8kB3ewxeviYbNqe/4w=",
      "requires": {
        "ms": "0.7.2"
      }
    },
    "ms": {
      "version": "0.7.2",
      "resolved": "https://registry.npmjs.org/ms/-/ms-0.7.2.tgz",
      "integrity": "sha1-riXPJRKziFodldfwN4aNhDESR2U="
    }
  }
}
